
Microsoft Visual Studio Solution File, Format Version 12.00
# Visual Studio Version 16
VisualStudioVersion = 16.0.30907.101
MinimumVisualStudioVersion = 10.0.40219.1
Project("{FAE04EC0-301F-11D3-BF4B-00C04F79EFBC}") = "Show me what you learned", "Show me what you learned\Show me what you learned.csproj", "{12050824-47FA-49B7-B2D5-6EE86E55655F}"
EndProject
Global
	GlobalSection(SolutionConfigurationPlatforms) = preSolution
		Debug|Any CPU = Debug|Any CPU
		Release|Any CPU = Release|Any CPU
	EndGlobalSection
	GlobalSection(ProjectConfigurationPlatforms) = postSolution
		{12050824-47FA-49B7-B2D5-6EE86E55655F}.Debug|Any CPU.ActiveCfg = Debug|Any CPU
		{12050824-47FA-49B7-B2D5-6EE86E55655F}.Debug|Any CPU.Build.0 = Debug|Any CPU
		{12050824-47FA-49B7-B2D5-6EE86E55655F}.Release|Any CPU.ActiveCfg = Release|Any CPU
		{12050824-47FA-49B7-B2D5-6EE86E55655F}.Release|Any CPU.Build.0 = Release|Any CPU
	EndGlobalSection
	GlobalSection(SolutionProperties) = preSolution
		HideSolutionNode = FALSE
	EndGlobalSection
	GlobalSection(ExtensibilityGlobals) = postSolution
		SolutionGuid = {C144BF6D-B037-4D9D-9EEC-500615DF0BA3}
	EndGlobalSection
EndGlobal
